
Microsoft Visual Studio Solution File, Format Version 12.00
# Visual Studio Version 16
VisualStudioVersion = 16.0.30711.63
MinimumVisualStudioVersion = 10.0.40219.1
Project("{9A19103F-16F7-4668-BE54-9A1E7A4F7556}") = "CrowEdit", "CrowEdit.csproj", "{AAA67D93-458E-4DD7-9CDA-4EC7F73D47FF}"
EndProject
Project("{9A19103F-16F7-4668-BE54-9A1E7A4F7556}") = "Crow.Coding", "Crow.Coding\Crow.Coding.csproj", "{78842EE4-8A2F-4C75-AEC6-C95F15AD3994}"
EndProject
Project("{2150E333-8FDC-42A3-9474-1A3956D46DE8}") = "Global", "Global", "{3118E6C1-2180-4364-9A17-511D546E18CD}"
	ProjectSection(SolutionItems) = preProject
		Directory.Build.props = Directory.Build.props
		README.md = README.md
	EndProjectSection
EndProject
Global
	GlobalSection(SolutionConfigurationPlatforms) = preSolution
		Debug|Any CPU = Debug|Any CPU
		Release|Any CPU = Release|Any CPU
	EndGlobalSection
	GlobalSection(ProjectConfigurationPlatforms) = postSolution
		{AAA67D93-458E-4DD7-9CDA-4EC7F73D47FF}.Debug|Any CPU.ActiveCfg = Debug|Any CPU
		{AAA67D93-458E-4DD7-9CDA-4EC7F73D47FF}.Debug|Any CPU.Build.0 = Debug|Any CPU
		{AAA67D93-458E-4DD7-9CDA-4EC7F73D47FF}.Release|Any CPU.ActiveCfg = Release|Any CPU
		{AAA67D93-458E-4DD7-9CDA-4EC7F73D47FF}.Release|Any CPU.Build.0 = Release|Any CPU
		{78842EE4-8A2F-4C75-AEC6-C95F15AD3994}.Debug|Any CPU.ActiveCfg = Debug|Any CPU
		{78842EE4-8A2F-4C75-AEC6-C95F15AD3994}.Debug|Any CPU.Build.0 = Debug|Any CPU
		{78842EE4-8A2F-4C75-AEC6-C95F15AD3994}.Release|Any CPU.ActiveCfg = Release|Any CPU
		{78842EE4-8A2F-4C75-AEC6-C95F15AD3994}.Release|Any CPU.Build.0 = Release|Any CPU
	EndGlobalSection
	GlobalSection(SolutionProperties) = preSolution
		HideSolutionNode = FALSE
	EndGlobalSection
	GlobalSection(ExtensibilityGlobals) = postSolution
		SolutionGuid = {121E26CF-4A0F-4E74-BC0F-82BABEFDE8BF}
	EndGlobalSection
EndGlobal
