
Microsoft Visual Studio Solution File, Format Version 12.00
# Visual Studio Version 16
VisualStudioVersion = 16.0.30711.63
MinimumVisualStudioVersion = 10.0.40219.1
Project("{9A19103F-16F7-4668-BE54-9A1E7A4F7556}") = "CrowEdit", "CrowEdit.csproj", "{AAA67D93-458E-4DD7-9CDA-4EC7F73D47FF}"
EndProject
Project("{2150E333-8FDC-42A3-9474-1A3956D46DE8}") = "Global", "Global", "{3118E6C1-2180-4364-9A17-511D546E18CD}"
	ProjectSection(SolutionItems) = preProject
		Directory.Build.props = Directory.Build.props
		README.md = README.md
	EndProjectSection
EndProject
Project("{9A19103F-16F7-4668-BE54-9A1E7A4F7556}") = "CrowEditBase", "CrowEditBase\CrowEditBase.csproj", "{B8B5D071-097D-40A6-B1AE-3EC996D2E843}"
EndProject
Project("{2150E333-8FDC-42A3-9474-1A3956D46DE8}") = "Plugins", "Plugins", "{386C459C-4849-40C3-9D5A-4A8802A5A848}"
EndProject
Project("{9A19103F-16F7-4668-BE54-9A1E7A4F7556}") = "CECrowPlugin", "plugins\CECrowPlugin\CECrowPlugin.csproj", "{1095C2F1-802F-4DE1-8035-EE0AAC4A5E35}"
EndProject
Project("{9A19103F-16F7-4668-BE54-9A1E7A4F7556}") = "CENetcoreDbgPlugin", "plugins\CENetcoreDbgPlugin\CENetcoreDbgPlugin.csproj", "{14E49365-6E22-4A27-B0E5-C6BBB347A85C}"
EndProject
Project("{9A19103F-16F7-4668-BE54-9A1E7A4F7556}") = "CERoslynPlugin", "plugins\CERoslynPlugin\CERoslynPlugin.csproj", "{93105D4F-3015-4C37-A377-9E4BD63DB582}"
EndProject
Project("{9A19103F-16F7-4668-BE54-9A1E7A4F7556}") = "CEXmlPlugin", "plugins\CEXmlPlugin\CEXmlPlugin.csproj", "{196D847E-D051-429B-892F-C405F036B8C2}"
EndProject
Project("{FAE04EC0-301F-11D3-BF4B-00C04F79EFBC}") = "Crow", "..\crow\Crow\Crow.csproj", "{5D8999F6-80D8-44CA-93F2-E18C9E44640C}"
EndProject
Global
	GlobalSection(SolutionConfigurationPlatforms) = preSolution
		Debug|Any CPU = Debug|Any CPU
		Release|Any CPU = Release|Any CPU
	EndGlobalSection
	GlobalSection(ProjectConfigurationPlatforms) = postSolution
		{AAA67D93-458E-4DD7-9CDA-4EC7F73D47FF}.Debug|Any CPU.ActiveCfg = Debug|Any CPU
		{AAA67D93-458E-4DD7-9CDA-4EC7F73D47FF}.Debug|Any CPU.Build.0 = Debug|Any CPU
		{AAA67D93-458E-4DD7-9CDA-4EC7F73D47FF}.Release|Any CPU.ActiveCfg = Release|Any CPU
		{AAA67D93-458E-4DD7-9CDA-4EC7F73D47FF}.Release|Any CPU.Build.0 = Release|Any CPU
		{B8B5D071-097D-40A6-B1AE-3EC996D2E843}.Debug|Any CPU.ActiveCfg = Debug|Any CPU
		{B8B5D071-097D-40A6-B1AE-3EC996D2E843}.Debug|Any CPU.Build.0 = Debug|Any CPU
		{B8B5D071-097D-40A6-B1AE-3EC996D2E843}.Release|Any CPU.ActiveCfg = Release|Any CPU
		{B8B5D071-097D-40A6-B1AE-3EC996D2E843}.Release|Any CPU.Build.0 = Release|Any CPU
		{1095C2F1-802F-4DE1-8035-EE0AAC4A5E35}.Debug|Any CPU.ActiveCfg = Debug|Any CPU
		{1095C2F1-802F-4DE1-8035-EE0AAC4A5E35}.Debug|Any CPU.Build.0 = Debug|Any CPU
		{1095C2F1-802F-4DE1-8035-EE0AAC4A5E35}.Release|Any CPU.ActiveCfg = Release|Any CPU
		{1095C2F1-802F-4DE1-8035-EE0AAC4A5E35}.Release|Any CPU.Build.0 = Release|Any CPU
		{14E49365-6E22-4A27-B0E5-C6BBB347A85C}.Debug|Any CPU.ActiveCfg = Debug|Any CPU
		{14E49365-6E22-4A27-B0E5-C6BBB347A85C}.Debug|Any CPU.Build.0 = Debug|Any CPU
		{14E49365-6E22-4A27-B0E5-C6BBB347A85C}.Release|Any CPU.ActiveCfg = Release|Any CPU
		{14E49365-6E22-4A27-B0E5-C6BBB347A85C}.Release|Any CPU.Build.0 = Release|Any CPU
		{93105D4F-3015-4C37-A377-9E4BD63DB582}.Debug|Any CPU.ActiveCfg = Debug|Any CPU
		{93105D4F-3015-4C37-A377-9E4BD63DB582}.Debug|Any CPU.Build.0 = Debug|Any CPU
		{93105D4F-3015-4C37-A377-9E4BD63DB582}.Release|Any CPU.ActiveCfg = Release|Any CPU
		{93105D4F-3015-4C37-A377-9E4BD63DB582}.Release|Any CPU.Build.0 = Release|Any CPU
		{196D847E-D051-429B-892F-C405F036B8C2}.Debug|Any CPU.ActiveCfg = Debug|Any CPU
		{196D847E-D051-429B-892F-C405F036B8C2}.Debug|Any CPU.Build.0 = Debug|Any CPU
		{196D847E-D051-429B-892F-C405F036B8C2}.Release|Any CPU.ActiveCfg = Release|Any CPU
		{196D847E-D051-429B-892F-C405F036B8C2}.Release|Any CPU.Build.0 = Release|Any CPU
		{5D8999F6-80D8-44CA-93F2-E18C9E44640C}.Debug|Any CPU.ActiveCfg = Debug|Any CPU
		{5D8999F6-80D8-44CA-93F2-E18C9E44640C}.Debug|Any CPU.Build.0 = Debug|Any CPU
		{5D8999F6-80D8-44CA-93F2-E18C9E44640C}.Release|Any CPU.ActiveCfg = Release|Any CPU
		{5D8999F6-80D8-44CA-93F2-E18C9E44640C}.Release|Any CPU.Build.0 = Release|Any CPU
	EndGlobalSection
	GlobalSection(SolutionProperties) = preSolution
		HideSolutionNode = FALSE
	EndGlobalSection
	GlobalSection(NestedProjects) = preSolution
		{1095C2F1-802F-4DE1-8035-EE0AAC4A5E35} = {386C459C-4849-40C3-9D5A-4A8802A5A848}
		{14E49365-6E22-4A27-B0E5-C6BBB347A85C} = {386C459C-4849-40C3-9D5A-4A8802A5A848}
		{93105D4F-3015-4C37-A377-9E4BD63DB582} = {386C459C-4849-40C3-9D5A-4A8802A5A848}
		{196D847E-D051-429B-892F-C405F036B8C2} = {386C459C-4849-40C3-9D5A-4A8802A5A848}
	EndGlobalSection
	GlobalSection(ExtensibilityGlobals) = postSolution
		SolutionGuid = {121E26CF-4A0F-4E74-BC0F-82BABEFDE8BF}
	EndGlobalSection
EndGlobal
